# THIS IS AN AUTOGENERATED FILE. DO NOT EDIT THIS FILE DIRECTLY.
# yarn lockfile v1


consul@^0.28.0:
  version "0.28.0"
  resolved "https://registry.yarnpkg.com/consul/-/consul-0.28.0.tgz#c478fe6c58b6154b72867ef57ca8cfac181fba92"
  dependencies:
    papi "^0.27.0"

papi@^0.27.0:
  version "0.27.0"
  resolved "https://registry.yarnpkg.com/papi/-/papi-0.27.0.tgz#7392a38ebefa7fb67e98b363bca3d136827caf28"
